
Microsoft Visual Studio Solution File, Format Version 12.00
# Visual Studio Version 16
VisualStudioVersion = 16.0.30717.126
MinimumVisualStudioVersion = 10.0.40219.1
Project("{FAE04EC0-301F-11D3-BF4B-00C04F79EFBC}") = "OptionsDataService", "OptionsDataService\OptionsDataService.csproj", "{B3FD3788-A010-4790-A61D-72340773C760}"
EndProject
Global
	GlobalSection(SolutionConfigurationPlatforms) = preSolution
		Debug|Any CPU = Debug|Any CPU
		Release|Any CPU = Release|Any CPU
	EndGlobalSection
	GlobalSection(ProjectConfigurationPlatforms) = postSolution
		{B3FD3788-A010-4790-A61D-72340773C760}.Debug|Any CPU.ActiveCfg = Debug|Any CPU
		{B3FD3788-A010-4790-A61D-72340773C760}.Debug|Any CPU.Build.0 = Debug|Any CPU
		{B3FD3788-A010-4790-A61D-72340773C760}.Release|Any CPU.ActiveCfg = Release|Any CPU
		{B3FD3788-A010-4790-A61D-72340773C760}.Release|Any CPU.Build.0 = Release|Any CPU
	EndGlobalSection
	GlobalSection(SolutionProperties) = preSolution
		HideSolutionNode = FALSE
	EndGlobalSection
	GlobalSection(ExtensibilityGlobals) = postSolution
		SolutionGuid = {C06A06EE-50FA-4382-8A52-76B61CB443AF}
	EndGlobalSection
EndGlobal
